
Microsoft Visual Studio Solution File, Format Version 12.00
# Visual Studio 15
VisualStudioVersion = 15.0.28307.329
MinimumVisualStudioVersion = 10.0.40219.1
Project("{9A19103F-16F7-4668-BE54-9A1E7A4F7556}") = "SocialNetwork.Data", "SocialNetwork.Data\SocialNetwork.Data.csproj", "{060026C0-C262-4B2E-B1C9-CB893C77C7D7}"
EndProject
Project("{9A19103F-16F7-4668-BE54-9A1E7A4F7556}") = "Socialnetwork.Webclient", "Socialnetwork.Webclient\Socialnetwork.Webclient.csproj", "{E9D14FFF-2FAC-47A7-B670-02F80886BA0B}"
EndProject
Global
	GlobalSection(SolutionConfigurationPlatforms) = preSolution
		Debug|Any CPU = Debug|Any CPU
		Release|Any CPU = Release|Any CPU
	EndGlobalSection
	GlobalSection(ProjectConfigurationPlatforms) = postSolution
		{060026C0-C262-4B2E-B1C9-CB893C77C7D7}.Debug|Any CPU.ActiveCfg = Debug|Any CPU
		{060026C0-C262-4B2E-B1C9-CB893C77C7D7}.Debug|Any CPU.Build.0 = Debug|Any CPU
		{060026C0-C262-4B2E-B1C9-CB893C77C7D7}.Release|Any CPU.ActiveCfg = Release|Any CPU
		{060026C0-C262-4B2E-B1C9-CB893C77C7D7}.Release|Any CPU.Build.0 = Release|Any CPU
		{E9D14FFF-2FAC-47A7-B670-02F80886BA0B}.Debug|Any CPU.ActiveCfg = Debug|Any CPU
		{E9D14FFF-2FAC-47A7-B670-02F80886BA0B}.Debug|Any CPU.Build.0 = Debug|Any CPU
		{E9D14FFF-2FAC-47A7-B670-02F80886BA0B}.Release|Any CPU.ActiveCfg = Release|Any CPU
		{E9D14FFF-2FAC-47A7-B670-02F80886BA0B}.Release|Any CPU.Build.0 = Release|Any CPU
	EndGlobalSection
	GlobalSection(SolutionProperties) = preSolution
		HideSolutionNode = FALSE
	EndGlobalSection
	GlobalSection(ExtensibilityGlobals) = postSolution
		SolutionGuid = {F2F858B1-8BD3-4BD6-AA5C-166022358715}
	EndGlobalSection
	GlobalSection(TeamFoundationVersionControl) = preSolution
		SccNumberOfProjects = 3
		SccEnterpriseProvider = {4CA58AB2-18FA-4F8D-95D4-32DDF27D184C}
		SccTeamFoundationServer = https://dev.azure.com/rakart0
		SccProjectUniqueName0 = SocialNetwork.Data\\SocialNetwork.Data.csproj
		SccProjectName0 = SocialNetwork.Data
		SccLocalPath0 = SocialNetwork.Data
		SccLocalPath1 = .
		SccProjectUniqueName2 = Socialnetwork.Webclient\\Socialnetwork.Webclient.csproj
		SccProjectName2 = Socialnetwork.Webclient
		SccLocalPath2 = Socialnetwork.Webclient
	EndGlobalSection
EndGlobal
